
Microsoft Visual Studio Solution File, Format Version 12.00
# Visual Studio Version 17
VisualStudioVersion = 17.10.34916.146
MinimumVisualStudioVersion = 10.0.40219.1
Project("{FAE04EC0-301F-11D3-BF4B-00C04F79EFBC}") = "EGNValidator", "EGNValidator\EGNValidator.csproj", "{83E86345-9931-47F5-A43A-648F97EC4054}"
EndProject
Global
	GlobalSection(SolutionConfigurationPlatforms) = preSolution
		Debug|Any CPU = Debug|Any CPU
		Release|Any CPU = Release|Any CPU
	EndGlobalSection
	GlobalSection(ProjectConfigurationPlatforms) = postSolution
		{83E86345-9931-47F5-A43A-648F97EC4054}.Debug|Any CPU.ActiveCfg = Debug|Any CPU
		{83E86345-9931-47F5-A43A-648F97EC4054}.Debug|Any CPU.Build.0 = Debug|Any CPU
		{83E86345-9931-47F5-A43A-648F97EC4054}.Release|Any CPU.ActiveCfg = Release|Any CPU
		{83E86345-9931-47F5-A43A-648F97EC4054}.Release|Any CPU.Build.0 = Release|Any CPU
	EndGlobalSection
	GlobalSection(SolutionProperties) = preSolution
		HideSolutionNode = FALSE
	EndGlobalSection
	GlobalSection(ExtensibilityGlobals) = postSolution
		SolutionGuid = {43EBC313-CB83-4E92-B2DB-8C3E6E862C54}
	EndGlobalSection
EndGlobal
